
Microsoft Visual Studio Solution File, Format Version 12.00
# Visual Studio 15
VisualStudioVersion = 15.0.26430.4
MinimumVisualStudioVersion = 10.0.40219.1
Project("{FAE04EC0-301F-11D3-BF4B-00C04F79EFBC}") = "Interfejs", "Interfejs\Interfejs.csproj", "{F6A811B8-DC82-42CC-802F-B1821B22F064}"
EndProject
Project("{FAE04EC0-301F-11D3-BF4B-00C04F79EFBC}") = "Typy ogólne (generyczne)", "Typy ogólne (generyczne)\Typy ogólne (generyczne).csproj", "{2F380256-1898-4EA0-9A1A-9E893FCFB08D}"
EndProject
Project("{FAE04EC0-301F-11D3-BF4B-00C04F79EFBC}") = "Kolekcje - użycie", "Kolekcje - użycie\Kolekcje - użycie.csproj", "{5689913F-108B-4DBB-90AA-EF8C736E9978}"
EndProject
Project("{FAE04EC0-301F-11D3-BF4B-00C04F79EFBC}") = "Interfejs IEnumerable", "Interfejs IEnumerable\Interfejs IEnumerable.csproj", "{6ACA5272-5884-41EE-8138-459CB2108D71}"
EndProject
Project("{FAE04EC0-301F-11D3-BF4B-00C04F79EFBC}") = "Interfejs IEnumerable-T", "Interfejs IEnumerable-T\Interfejs IEnumerable-T.csproj", "{F7725746-353E-46C4-8046-FD09A4BBB41A}"
EndProject
Project("{FAE04EC0-301F-11D3-BF4B-00C04F79EFBC}") = "PrzeciazanieOperatorow", "PrzeciazanieOperatorow\PrzeciazanieOperatorow.csproj", "{50FE0999-EA5E-4190-9A7C-C8EB3B00A887}"
EndProject
Project("{FAE04EC0-301F-11D3-BF4B-00C04F79EFBC}") = "IComparable-T", "IComparable-T\IComparable-T.csproj", "{B54D3678-4AFE-40CF-B94A-CF8325481309}"
EndProject
Project("{FAE04EC0-301F-11D3-BF4B-00C04F79EFBC}") = "Delegaty", "Delegaty\Delegaty.csproj", "{4539F9E6-0602-46B9-94A4-94FFDF9AB453}"
EndProject
Project("{FAE04EC0-301F-11D3-BF4B-00C04F79EFBC}") = "Lambda", "Lambda\Lambda.csproj", "{3E24C6B7-CBE9-424B-829F-904E882FE03A}"
EndProject
Project("{FAE04EC0-301F-11D3-BF4B-00C04F79EFBC}") = "SerializacjaBinarna", "SerializacjaBinarna\SerializacjaBinarna.csproj", "{077687A0-3872-493C-89FB-EE5F25F809CC}"
EndProject
Project("{FAE04EC0-301F-11D3-BF4B-00C04F79EFBC}") = "SerializacjaXML", "SerializacjaXML\SerializacjaXML.csproj", "{19B381EB-D632-4B54-8988-009E3B5C0302}"
EndProject
Project("{FAE04EC0-301F-11D3-BF4B-00C04F79EFBC}") = "EventArgs", "EventArgs\EventArgs.csproj", "{10E294AB-6C60-4C21-85CB-1A44E7442BE4}"
EndProject
Global
	GlobalSection(SolutionConfigurationPlatforms) = preSolution
		Debug|Any CPU = Debug|Any CPU
		Release|Any CPU = Release|Any CPU
	EndGlobalSection
	GlobalSection(ProjectConfigurationPlatforms) = postSolution
		{F6A811B8-DC82-42CC-802F-B1821B22F064}.Debug|Any CPU.ActiveCfg = Debug|Any CPU
		{F6A811B8-DC82-42CC-802F-B1821B22F064}.Debug|Any CPU.Build.0 = Debug|Any CPU
		{F6A811B8-DC82-42CC-802F-B1821B22F064}.Release|Any CPU.ActiveCfg = Release|Any CPU
		{F6A811B8-DC82-42CC-802F-B1821B22F064}.Release|Any CPU.Build.0 = Release|Any CPU
		{2F380256-1898-4EA0-9A1A-9E893FCFB08D}.Debug|Any CPU.ActiveCfg = Debug|Any CPU
		{2F380256-1898-4EA0-9A1A-9E893FCFB08D}.Debug|Any CPU.Build.0 = Debug|Any CPU
		{2F380256-1898-4EA0-9A1A-9E893FCFB08D}.Release|Any CPU.ActiveCfg = Release|Any CPU
		{2F380256-1898-4EA0-9A1A-9E893FCFB08D}.Release|Any CPU.Build.0 = Release|Any CPU
		{5689913F-108B-4DBB-90AA-EF8C736E9978}.Debug|Any CPU.ActiveCfg = Debug|Any CPU
		{5689913F-108B-4DBB-90AA-EF8C736E9978}.Debug|Any CPU.Build.0 = Debug|Any CPU
		{5689913F-108B-4DBB-90AA-EF8C736E9978}.Release|Any CPU.ActiveCfg = Release|Any CPU
		{5689913F-108B-4DBB-90AA-EF8C736E9978}.Release|Any CPU.Build.0 = Release|Any CPU
		{6ACA5272-5884-41EE-8138-459CB2108D71}.Debug|Any CPU.ActiveCfg = Debug|Any CPU
		{6ACA5272-5884-41EE-8138-459CB2108D71}.Debug|Any CPU.Build.0 = Debug|Any CPU
		{6ACA5272-5884-41EE-8138-459CB2108D71}.Release|Any CPU.ActiveCfg = Release|Any CPU
		{6ACA5272-5884-41EE-8138-459CB2108D71}.Release|Any CPU.Build.0 = Release|Any CPU
		{F7725746-353E-46C4-8046-FD09A4BBB41A}.Debug|Any CPU.ActiveCfg = Debug|Any CPU
		{F7725746-353E-46C4-8046-FD09A4BBB41A}.Debug|Any CPU.Build.0 = Debug|Any CPU
		{F7725746-353E-46C4-8046-FD09A4BBB41A}.Release|Any CPU.ActiveCfg = Release|Any CPU
		{F7725746-353E-46C4-8046-FD09A4BBB41A}.Release|Any CPU.Build.0 = Release|Any CPU
		{50FE0999-EA5E-4190-9A7C-C8EB3B00A887}.Debug|Any CPU.ActiveCfg = Debug|Any CPU
		{50FE0999-EA5E-4190-9A7C-C8EB3B00A887}.Debug|Any CPU.Build.0 = Debug|Any CPU
		{50FE0999-EA5E-4190-9A7C-C8EB3B00A887}.Release|Any CPU.ActiveCfg = Release|Any CPU
		{50FE0999-EA5E-4190-9A7C-C8EB3B00A887}.Release|Any CPU.Build.0 = Release|Any CPU
		{B54D3678-4AFE-40CF-B94A-CF8325481309}.Debug|Any CPU.ActiveCfg = Debug|Any CPU
		{B54D3678-4AFE-40CF-B94A-CF8325481309}.Debug|Any CPU.Build.0 = Debug|Any CPU
		{B54D3678-4AFE-40CF-B94A-CF8325481309}.Release|Any CPU.ActiveCfg = Release|Any CPU
		{B54D3678-4AFE-40CF-B94A-CF8325481309}.Release|Any CPU.Build.0 = Release|Any CPU
		{4539F9E6-0602-46B9-94A4-94FFDF9AB453}.Debug|Any CPU.ActiveCfg = Debug|Any CPU
		{4539F9E6-0602-46B9-94A4-94FFDF9AB453}.Debug|Any CPU.Build.0 = Debug|Any CPU
		{4539F9E6-0602-46B9-94A4-94FFDF9AB453}.Release|Any CPU.ActiveCfg = Release|Any CPU
		{4539F9E6-0602-46B9-94A4-94FFDF9AB453}.Release|Any CPU.Build.0 = Release|Any CPU
		{3E24C6B7-CBE9-424B-829F-904E882FE03A}.Debug|Any CPU.ActiveCfg = Debug|Any CPU
		{3E24C6B7-CBE9-424B-829F-904E882FE03A}.Debug|Any CPU.Build.0 = Debug|Any CPU
		{3E24C6B7-CBE9-424B-829F-904E882FE03A}.Release|Any CPU.ActiveCfg = Release|Any CPU
		{3E24C6B7-CBE9-424B-829F-904E882FE03A}.Release|Any CPU.Build.0 = Release|Any CPU
		{077687A0-3872-493C-89FB-EE5F25F809CC}.Debug|Any CPU.ActiveCfg = Debug|Any CPU
		{077687A0-3872-493C-89FB-EE5F25F809CC}.Debug|Any CPU.Build.0 = Debug|Any CPU
		{077687A0-3872-493C-89FB-EE5F25F809CC}.Release|Any CPU.ActiveCfg = Release|Any CPU
		{077687A0-3872-493C-89FB-EE5F25F809CC}.Release|Any CPU.Build.0 = Release|Any CPU
		{19B381EB-D632-4B54-8988-009E3B5C0302}.Debug|Any CPU.ActiveCfg = Debug|Any CPU
		{19B381EB-D632-4B54-8988-009E3B5C0302}.Debug|Any CPU.Build.0 = Debug|Any CPU
		{19B381EB-D632-4B54-8988-009E3B5C0302}.Release|Any CPU.ActiveCfg = Release|Any CPU
		{19B381EB-D632-4B54-8988-009E3B5C0302}.Release|Any CPU.Build.0 = Release|Any CPU
		{10E294AB-6C60-4C21-85CB-1A44E7442BE4}.Debug|Any CPU.ActiveCfg = Debug|Any CPU
		{10E294AB-6C60-4C21-85CB-1A44E7442BE4}.Debug|Any CPU.Build.0 = Debug|Any CPU
		{10E294AB-6C60-4C21-85CB-1A44E7442BE4}.Release|Any CPU.ActiveCfg = Release|Any CPU
		{10E294AB-6C60-4C21-85CB-1A44E7442BE4}.Release|Any CPU.Build.0 = Release|Any CPU
	EndGlobalSection
	GlobalSection(SolutionProperties) = preSolution
		HideSolutionNode = FALSE
	EndGlobalSection
EndGlobal
